# This file is autogenerated, do not edit; changes may be undone by the next 'dep ensure'.


[[projects]]
  name = "gopkg.in/rjz/githubhook.v0"
  packages = ["."]
  revision = "d5f019004f0a15c1c9be5ac3034071ba0dff5832"
  version = "v0.0.1"

[solve-meta]
  analyzer-name = "dep"
  analyzer-version = 1
  inputs-digest = "2fb9019f1603123c52ba26eff37c77858e970b9c20ffa1f44e0d8aa5452856de"
  solver-name = "gps-cdcl"
  solver-version = 1
